PODS:
  - EasyRealm (3.4.0):
    - RealmSwift (~> 3.10)
  - Realm (3.13.1):
    - Realm/Headers (= 3.13.1)
  - Realm/Headers (3.13.1)
  - RealmSwift (3.13.1):
    - Realm (= 3.13.1)

DEPENDENCIES:
  - EasyRealm (from `../`)

SPEC REPOS:
  https://github.com/cocoapods/specs.git:
    - Realm
    - RealmSwift

EXTERNAL SOURCES:
  EasyRealm:
    :path: "../"

SPEC CHECKSUMS:
  EasyRealm: 033b9add2c5f7f65dfe017a50d5a8d9f0ba07c2f
  Realm: 50071da38fe079e0735e47c9f2eae738c68c5996
  RealmSwift: 8a1e6a02b7a08cd17a31e3115143fb69fe5f3fb9

PODFILE CHECKSUM: 73d2683af2c7ac771647afb875fecd5c780c7a9f

COCOAPODS: 1.5.3
